// !$*UTF8*$!
{
	archiveVersion = 1;
	classes = {
	};
	objectVersion = 46;
	objects = {

/* Begin PBXBuildFile section */
		5E66E4431DFFB7450078B049 /* main.cpp in Sources */ = {isa = PBXBuildFile; fileRef = 5E66E4421DFFB7450078B049 /* main.cpp */; };
		5E66E4501DFFB81E0078B049 /* main.cpp in Sources */ = {isa = PBXBuildFile; fileRef = 5E66E44F1DFFB81E0078B049 /* main.cpp */; };
		5E66E4571DFFB8B30078B049 /* shared_stuff.cpp in Sources */ = {isa = PBXBuildFile; fileRef = 5E66E4551DFFB8B30078B049 /* shared_stuff.cpp */; };
		5E66E4581DFFB8B30078B049 /* shared_stuff.cpp in Sources */ = {isa = PBXBuildFile; fileRef = 5E66E4551DFFB8B30078B049 /* shared_stuff.cpp */; };
		5E66E4601DFFB9CA0078B049 /* main.cpp in Sources */ = {isa = PBXBuildFile; fileRef = 5E66E45F1DFFB9CA0078B049 /* main.cpp */; };
		5E66E4641DFFBA300078B049 /* shared_stuff.cpp in Sources */ = {isa = PBXBuildFile; fileRef = 5E66E4551DFFB8B30078B049 /* shared_stuff.cpp */; };
		5E66E4661DFFBE680078B049 /* README.md in Sources */ = {isa = PBXBuildFile; fileRef = 5E66E4651DFFBE680078B049 /* README.md */; };
		5E66E4671DFFBE680078B049 /* README.md in Sources */ = {isa = PBXBuildFile; fileRef = 5E66E4651DFFBE680078B049 /* README.md */; };
/* End PBXBuildFile section */

/* Begin PBXCopyFilesBuildPhase section */
		5E66E43D1DFFB7450078B049 /* CopyFiles */ = {
			isa = PBXCopyFilesBuildPhase;
			buildActionMask = 2147483647;
			dstPath = /usr/share/man/man1/;
			dstSubfolderSpec = 0;
			files = (
			);
			runOnlyForDeploymentPostprocessing = 1;
		};
		5E66E44B1DFFB81E0078B049 /* CopyFiles */ = {
			isa = PBXCopyFilesBuildPhase;
			buildActionMask = 2147483647;
			dstPath = /usr/share/man/man1/;
			dstSubfolderSpec = 0;
			files = (
			);
			runOnlyForDeploymentPostprocessing = 1;
		};
		5E66E45B1DFFB9CA0078B049 /* CopyFiles */ = {
			isa = PBXCopyFilesBuildPhase;
			buildActionMask = 2147483647;
			dstPath = /usr/share/man/man1/;
			dstSubfolderSpec = 0;
			files = (
			);
			runOnlyForDeploymentPostprocessing = 1;
		};
/* End PBXCopyFilesBuildPhase section */

/* Begin PBXFileReference section */
		5E66E43F1DFFB7450078B049 /* multi_target */ = {isa = PBXFileReference; explicitFileType = "compiled.mach-o.executable"; includeInIndex = 0; path = multi_target; sourceTree = BUILT_PRODUCTS_DIR; };
		5E66E4421DFFB7450078B049 /* main.cpp */ = {isa = PBXFileReference; lastKnownFileType = sourcecode.cpp.cpp; path = main.cpp; sourceTree = "<group>"; };
		5E66E44D1DFFB81E0078B049 /* target1 */ = {isa = PBXFileReference; explicitFileType = "compiled.mach-o.executable"; includeInIndex = 0; path = target1; sourceTree = BUILT_PRODUCTS_DIR; };
		5E66E44F1DFFB81E0078B049 /* main.cpp */ = {isa = PBXFileReference; lastKnownFileType = sourcecode.cpp.cpp; path = main.cpp; sourceTree = "<group>"; };
		5E66E4551DFFB8B30078B049 /* shared_stuff.cpp */ = {isa = PBXFileReference; fileEncoding = 4; lastKnownFileType = sourcecode.cpp.cpp; path = shared_stuff.cpp; sourceTree = "<group>"; };
		5E66E4561DFFB8B30078B049 /* shared_stuff.hpp */ = {isa = PBXFileReference; fileEncoding = 4; lastKnownFileType = sourcecode.cpp.h; path = shared_stuff.hpp; sourceTree = "<group>"; };
		5E66E45D1DFFB9CA0078B049 /* target2 */ = {isa = PBXFileReference; explicitFileType = "compiled.mach-o.executable"; includeInIndex = 0; path = target2; sourceTree = BUILT_PRODUCTS_DIR; };
		5E66E45F1DFFB9CA0078B049 /* main.cpp */ = {isa = PBXFileReference; lastKnownFileType = sourcecode.cpp.cpp; path = main.cpp; sourceTree = "<group>"; };
		5E66E4651DFFBE680078B049 /* README.md */ = {isa = PBXFileReference; fileEncoding = 4; lastKnownFileType = net.daringfireball.markdown; path = README.md; sourceTree = "<group>"; };
/* End PBXFileReference section */

/* Begin PBXFrameworksBuildPhase section */
		5E66E43C1DFFB7450078B049 /* Frameworks */ = {
			isa = PBXFrameworksBuildPhase;
			buildActionMask = 2147483647;
			files = (
			);
			runOnlyForDeploymentPostprocessing = 0;
		};
		5E66E44A1DFFB81E0078B049 /* Frameworks */ = {
			isa = PBXFrameworksBuildPhase;
			buildActionMask = 2147483647;
			files = (
			);
			runOnlyForDeploymentPostprocessing = 0;
		};
		5E66E45A1DFFB9CA0078B049 /* Frameworks */ = {
			isa = PBXFrameworksBuildPhase;
			buildActionMask = 2147483647;
			files = (
			);
			runOnlyForDeploymentPostprocessing = 0;
		};
/* End PBXFrameworksBuildPhase section */

/* Begin PBXGroup section */
		5E66E4361DFFB7450078B049 = {
			isa = PBXGroup;
			children = (
				5E66E4651DFFBE680078B049 /* README.md */,
				5E66E4541DFFB88A0078B049 /* common */,
				5E66E4411DFFB7450078B049 /* multi_target */,
				5E66E44E1DFFB81E0078B049 /* target1 */,
				5E66E45E1DFFB9CA0078B049 /* target2 */,
				5E66E4401DFFB7450078B049 /* Products */,
			);
			sourceTree = "<group>";
		};
		5E66E4401DFFB7450078B049 /* Products */ = {
			isa = PBXGroup;
			children = (
				5E66E43F1DFFB7450078B049 /* multi_target */,
				5E66E44D1DFFB81E0078B049 /* target1 */,
				5E66E45D1DFFB9CA0078B049 /* target2 */,
			);
			name = Products;
			sourceTree = "<group>";
		};
		5E66E4411DFFB7450078B049 /* multi_target */ = {
			isa = PBXGroup;
			children = (
				5E66E4421DFFB7450078B049 /* main.cpp */,
			);
			path = multi_target;
			sourceTree = "<group>";
		};
		5E66E44E1DFFB81E0078B049 /* target1 */ = {
			isa = PBXGroup;
			children = (
				5E66E44F1DFFB81E0078B049 /* main.cpp */,
			);
			path = target1;
			sourceTree = "<group>";
		};
		5E66E4541DFFB88A0078B049 /* common */ = {
			isa = PBXGroup;
			children = (
				5E66E4551DFFB8B30078B049 /* shared_stuff.cpp */,
				5E66E4561DFFB8B30078B049 /* shared_stuff.hpp */,
			);
			name = common;
			sourceTree = "<group>";
		};
		5E66E45E1DFFB9CA0078B049 /* target2 */ = {
			isa = PBXGroup;
			children = (
				5E66E45F1DFFB9CA0078B049 /* main.cpp */,
			);
			path = target2;
			sourceTree = "<group>";
		};
/* End PBXGroup section */

/* Begin PBXNativeTarget section */
		5E66E43E1DFFB7450078B049 /* multi_target */ = {
			isa = PBXNativeTarget;
			buildConfigurationList = 5E66E4461DFFB7450078B049 /* Build configuration list for PBXNativeTarget "multi_target" */;
			buildPhases = (
				5E66E43B1DFFB7450078B049 /* Sources */,
				5E66E43C1DFFB7450078B049 /* Frameworks */,
				5E66E43D1DFFB7450078B049 /* CopyFiles */,
			);
			buildRules = (
			);
			dependencies = (
			);
			name = multi_target;
			productName = multi_target;
			productReference = 5E66E43F1DFFB7450078B049 /* multi_target */;
			productType = "com.apple.product-type.tool";
		};
		5E66E44C1DFFB81E0078B049 /* target1 */ = {
			isa = PBXNativeTarget;
			buildConfigurationList = 5E66E4511DFFB81E0078B049 /* Build configuration list for PBXNativeTarget "target1" */;
			buildPhases = (
				5E66E4491DFFB81E0078B049 /* Sources */,
				5E66E44A1DFFB81E0078B049 /* Frameworks */,
				5E66E44B1DFFB81E0078B049 /* CopyFiles */,
			);
			buildRules = (
			);
			dependencies = (
			);
			name = target1;
			productName = target1;
			productReference = 5E66E44D1DFFB81E0078B049 /* target1 */;
			productType = "com.apple.product-type.tool";
		};
		5E66E45C1DFFB9CA0078B049 /* target2 */ = {
			isa = PBXNativeTarget;
			buildConfigurationList = 5E66E4611DFFB9CA0078B049 /* Build configuration list for PBXNativeTarget "target2" */;
			buildPhases = (
				5E66E4591DFFB9CA0078B049 /* Sources */,
				5E66E45A1DFFB9CA0078B049 /* Frameworks */,
				5E66E45B1DFFB9CA0078B049 /* CopyFiles */,
			);
			buildRules = (
			);
			dependencies = (
			);
			name = target2;
			productName = target2;
			productReference = 5E66E45D1DFFB9CA0078B049 /* target2 */;
			productType = "com.apple.product-type.tool";
		};
/* End PBXNativeTarget section */

/* Begin PBXProject section */
		5E66E4371DFFB7450078B049 /* Project object */ = {
			isa = PBXProject;
			attributes = {
				LastUpgradeCheck = 0810;
				ORGANIZATIONNAME = "Jayanth Raman";
				TargetAttributes = {
					5E66E43E1DFFB7450078B049 = {
						CreatedOnToolsVersion = 8.1;
						ProvisioningStyle = Automatic;
					};
					5E66E44C1DFFB81E0078B049 = {
						CreatedOnToolsVersion = 8.1;
						ProvisioningStyle = Automatic;
					};
					5E66E45C1DFFB9CA0078B049 = {
						CreatedOnToolsVersion = 8.1;
						ProvisioningStyle = Automatic;
					};
				};
			};
			buildConfigurationList = 5E66E43A1DFFB7450078B049 /* Build configuration list for PBXProject "multi_target" */;
			compatibilityVersion = "Xcode 3.2";
			developmentRegion = English;
			hasScannedForEncodings = 0;
			knownRegions = (
				en,
			);
			mainGroup = 5E66E4361DFFB7450078B049;
			productRefGroup = 5E66E4401DFFB7450078B049 /* Products */;
			projectDirPath = "";
			projectRoot = "";
			targets = (
				5E66E43E1DFFB7450078B049 /* multi_target */,
				5E66E44C1DFFB81E0078B049 /* target1 */,
				5E66E45C1DFFB9CA0078B049 /* target2 */,
			);
		};
/* End PBXProject section */

/* Begin PBXSourcesBuildPhase section */
		5E66E43B1DFFB7450078B049 /* Sources */ = {
			isa = PBXSourcesBuildPhase;
			buildActionMask = 2147483647;
			files = (
				5E66E4661DFFBE680078B049 /* README.md in Sources */,
				5E66E4431DFFB7450078B049 /* main.cpp in Sources */,
				5E66E4571DFFB8B30078B049 /* shared_stuff.cpp in Sources */,
			);
			runOnlyForDeploymentPostprocessing = 0;
		};
		5E66E4491DFFB81E0078B049 /* Sources */ = {
			isa = PBXSourcesBuildPhase;
			buildActionMask = 2147483647;
			files = (
				5E66E4671DFFBE680078B049 /* README.md in Sources */,
				5E66E4501DFFB81E0078B049 /* main.cpp in Sources */,
				5E66E4581DFFB8B30078B049 /* shared_stuff.cpp in Sources */,
			);
			runOnlyForDeploymentPostprocessing = 0;
		};
		5E66E4591DFFB9CA0078B049 /* Sources */ = {
			isa = PBXSourcesBuildPhase;
			buildActionMask = 2147483647;
			files = (
				5E66E4601DFFB9CA0078B049 /* main.cpp in Sources */,
				5E66E4641DFFBA300078B049 /* shared_stuff.cpp in Sources */,
			);
			runOnlyForDeploymentPostprocessing = 0;
		};
/* End PBXSourcesBuildPhase section */

/* Begin XCBuildConfiguration section */
		5E66E4441DFFB7450078B049 /* Debug */ = {
			isa = XCBuildConfiguration;
			buildSettings = {
				ALWAYS_SEARCH_USER_PATHS = NO;
				CLANG_ANALYZER_NONNULL = YES;
				CLANG_CXX_LANGUAGE_STANDARD = "gnu++0x";
				CLANG_CXX_LIBRARY = "libc++";
				CLANG_ENABLE_MODULES = YES;
				CLANG_ENABLE_OBJC_ARC = YES;
				CLANG_WARN_BOOL_CONVERSION = YES;
				CLANG_WARN_CONSTANT_CONVERSION = YES;
				CLANG_WARN_DIRECT_OBJC_ISA_USAGE = YES_ERROR;
				CLANG_WARN_DOCUMENTATION_COMMENTS = YES;
				CLANG_WARN_EMPTY_BODY = YES;
				CLANG_WARN_ENUM_CONVERSION = YES;
				CLANG_WARN_INFINITE_RECURSION = YES;
				CLANG_WARN_INT_CONVERSION = YES;
				CLANG_WARN_OBJC_ROOT_CLASS = YES_ERROR;
				CLANG_WARN_SUSPICIOUS_MOVES = YES;
				CLANG_WARN_UNREACHABLE_CODE = YES;
				CLANG_WARN__DUPLICATE_METHOD_MATCH = YES;
				CODE_SIGN_IDENTITY = "-";
				COPY_PHASE_STRIP = NO;
				DEBUG_INFORMATION_FORMAT = dwarf;
				ENABLE_STRICT_OBJC_MSGSEND = YES;
				ENABLE_TESTABILITY = YES;
				GCC_C_LANGUAGE_STANDARD = gnu99;
				GCC_DYNAMIC_NO_PIC = NO;
				GCC_NO_COMMON_BLOCKS = YES;
				GCC_OPTIMIZATION_LEVEL = 0;
				GCC_PREPROCESSOR_DEFINITIONS = (
					"DEBUG=1",
					"$(inherited)",
				);
				GCC_WARN_64_TO_32_BIT_CONVERSION = YES;
				GCC_WARN_ABOUT_RETURN_TYPE = YES_ERROR;
				GCC_WARN_UNDECLARED_SELECTOR = YES;
				GCC_WARN_UNINITIALIZED_AUTOS = YES_AGGRESSIVE;
				GCC_WARN_UNUSED_FUNCTION = YES;
				GCC_WARN_UNUSED_VARIABLE = YES;
				MACOSX_DEPLOYMENT_TARGET = 10.11;
				MTL_ENABLE_DEBUG_INFO = YES;
				ONLY_ACTIVE_ARCH = YES;
				SDKROOT = macosx;
			};
			name = Debug;
		};
		5E66E4451DFFB7450078B049 /* Release */ = {
			isa = XCBuildConfiguration;
			buildSettings = {
				ALWAYS_SEARCH_USER_PATHS = NO;
				CLANG_ANALYZER_NONNULL = YES;
				CLANG_CXX_LANGUAGE_STANDARD = "gnu++0x";
				CLANG_CXX_LIBRARY = "libc++";
				CLANG_ENABLE_MODULES = YES;
				CLANG_ENABLE_OBJC_ARC = YES;
				CLANG_WARN_BOOL_CONVERSION = YES;
				CLANG_WARN_CONSTANT_CONVERSION = YES;
				CLANG_WARN_DIRECT_OBJC_ISA_USAGE = YES_ERROR;
				CLANG_WARN_DOCUMENTATION_COMMENTS = YES;
				CLANG_WARN_EMPTY_BODY = YES;
				CLANG_WARN_ENUM_CONVERSION = YES;
				CLANG_WARN_INFINITE_RECURSION = YES;
				CLANG_WARN_INT_CONVERSION = YES;
				CLANG_WARN_OBJC_ROOT_CLASS = YES_ERROR;
				CLANG_WARN_SUSPICIOUS_MOVES = YES;
				CLANG_WARN_UNREACHABLE_CODE = YES;
				CLANG_WARN__DUPLICATE_METHOD_MATCH = YES;
				CODE_SIGN_IDENTITY = "-";
				COPY_PHASE_STRIP = NO;
				DEBUG_INFORMATION_FORMAT = "dwarf-with-dsym";
				ENABLE_NS_ASSERTIONS = NO;
				ENABLE_STRICT_OBJC_MSGSEND = YES;
				GCC_C_LANGUAGE_STANDARD = gnu99;
				GCC_NO_COMMON_BLOCKS = YES;
				GCC_WARN_64_TO_32_BIT_CONVERSION = YES;
				GCC_WARN_ABOUT_RETURN_TYPE = YES_ERROR;
				GCC_WARN_UNDECLARED_SELECTOR = YES;
				GCC_WARN_UNINITIALIZED_AUTOS = YES_AGGRESSIVE;
				GCC_WARN_UNUSED_FUNCTION = YES;
				GCC_WARN_UNUSED_VARIABLE = YES;
				MACOSX_DEPLOYMENT_TARGET = 10.11;
				MTL_ENABLE_DEBUG_INFO = NO;
				SDKROOT = macosx;
			};
			name = Release;
		};
		5E66E4471DFFB7450078B049 /* Debug */ = {
			isa = XCBuildConfiguration;
			buildSettings = {
				PRODUCT_NAME = "$(TARGET_NAME)";
			};
			name = Debug;
		};
		5E66E4481DFFB7450078B049 /* Release */ = {
			isa = XCBuildConfiguration;
			buildSettings = {
				PRODUCT_NAME = "$(TARGET_NAME)";
			};
			name = Release;
		};
		5E66E4521DFFB81E0078B049 /* Debug */ = {
			isa = XCBuildConfiguration;
			buildSettings = {
				PRODUCT_NAME = "$(TARGET_NAME)";
			};
			name = Debug;
		};
		5E66E4531DFFB81E0078B049 /* Release */ = {
			isa = XCBuildConfiguration;
			buildSettings = {
				PRODUCT_NAME = "$(TARGET_NAME)";
			};
			name = Release;
		};
		5E66E4621DFFB9CA0078B049 /* Debug */ = {
			isa = XCBuildConfiguration;
			buildSettings = {
				PRODUCT_NAME = "$(TARGET_NAME)";
			};
			name = Debug;
		};
		5E66E4631DFFB9CA0078B049 /* Release */ = {
			isa = XCBuildConfiguration;
			buildSettings = {
				PRODUCT_NAME = "$(TARGET_NAME)";
			};
			name = Release;
		};
/* End XCBuildConfiguration section */

/* Begin XCConfigurationList section */
		5E66E43A1DFFB7450078B049 /* Build configuration list for PBXProject "multi_target" */ = {
			isa = XCConfigurationList;
			buildConfigurations = (
				5E66E4441DFFB7450078B049 /* Debug */,
				5E66E4451DFFB7450078B049 /* Release */,
			);
			defaultConfigurationIsVisible = 0;
			defaultConfigurationName = Release;
		};
		5E66E4461DFFB7450078B049 /* Build configuration list for PBXNativeTarget "multi_target" */ = {
			isa = XCConfigurationList;
			buildConfigurations = (
				5E66E4471DFFB7450078B049 /* Debug */,
				5E66E4481DFFB7450078B049 /* Release */,
			);
			defaultConfigurationIsVisible = 0;
		};
		5E66E4511DFFB81E0078B049 /* Build configuration list for PBXNativeTarget "target1" */ = {
			isa = XCConfigurationList;
			buildConfigurations = (
				5E66E4521DFFB81E0078B049 /* Debug */,
				5E66E4531DFFB81E0078B049 /* Release */,
			);
			defaultConfigurationIsVisible = 0;
		};
		5E66E4611DFFB9CA0078B049 /* Build configuration list for PBXNativeTarget "target2" */ = {
			isa = XCConfigurationList;
			buildConfigurations = (
				5E66E4621DFFB9CA0078B049 /* Debug */,
				5E66E4631DFFB9CA0078B049 /* Release */,
			);
			defaultConfigurationIsVisible = 0;
		};
/* End XCConfigurationList section */
	};
	rootObject = 5E66E4371DFFB7450078B049 /* Project object */;
}
